
Microsoft Visual Studio Solution File, Format Version 12.00
# Visual Studio Version 17
VisualStudioVersion = 17.3.32922.545
MinimumVisualStudioVersion = 10.0.40219.1
Project("{FAE04EC0-301F-11D3-BF4B-00C04F79EFBC}") = "ASPMVCCoreMultiThread", "ASPMVCCoreMultiThread\ASPMVCCoreMultiThread.csproj", "{7496B54C-AFD2-4A38-92BA-D07F0A8388FB}"
EndProject
Global
	GlobalSection(SolutionConfigurationPlatforms) = preSolution
		Debug|Any CPU = Debug|Any CPU
		Release|Any CPU = Release|Any CPU
	EndGlobalSection
	GlobalSection(ProjectConfigurationPlatforms) = postSolution
		{7496B54C-AFD2-4A38-92BA-D07F0A8388FB}.Debug|Any CPU.ActiveCfg = Debug|Any CPU
		{7496B54C-AFD2-4A38-92BA-D07F0A8388FB}.Debug|Any CPU.Build.0 = Debug|Any CPU
		{7496B54C-AFD2-4A38-92BA-D07F0A8388FB}.Release|Any CPU.ActiveCfg = Release|Any CPU
		{7496B54C-AFD2-4A38-92BA-D07F0A8388FB}.Release|Any CPU.Build.0 = Release|Any CPU
	EndGlobalSection
	GlobalSection(SolutionProperties) = preSolution
		HideSolutionNode = FALSE
	EndGlobalSection
	GlobalSection(ExtensibilityGlobals) = postSolution
		SolutionGuid = {6882B806-F171-43EC-ABD2-E1F716195A32}
	EndGlobalSection
EndGlobal
